// !$*UTF8*$!
{
	archiveVersion = 1;
	classes = {
	};
	objectVersion = 46;
	objects = {

/* Begin PBXBuildFile section */
		BEAEDEF21523EA6100CDBF66 /* UIKit.framework in Frameworks */ = {isa = PBXBuildFile; fileRef = BEAEDEF11523EA6100CDBF66 /* UIKit.framework */; };
		BEAEDEF41523EA6100CDBF66 /* Foundation.framework in Frameworks */ = {isa = PBXBuildFile; fileRef = BEAEDEF31523EA6100CDBF66 /* Foundation.framework */; };
		BEAEDEF61523EA6100CDBF66 /* CoreGraphics.framework in Frameworks */ = {isa = PBXBuildFile; fileRef = BEAEDEF51523EA6100CDBF66 /* CoreGraphics.framework */; };
		BEAEDEFC1523EA6100CDBF66 /* InfoPlist.strings in Resources */ = {isa = PBXBuildFile; fileRef = BEAEDEFA1523EA6100CDBF66 /* InfoPlist.strings */; };
		BEAEDEFE1523EA6100CDBF66 /* main.m in Sources */ = {isa = PBXBuildFile; fileRef = BEAEDEFD1523EA6100CDBF66 /* main.m */; };
		BEAEDF021523EA6100CDBF66 /* March29AppDelegate.m in Sources */ = {isa = PBXBuildFile; fileRef = BEAEDF011523EA6100CDBF66 /* March29AppDelegate.m */; };
		BEAEDF0A1523EB0500CDBF66 /* View.m in Sources */ = {isa = PBXBuildFile; fileRef = BEAEDF091523EB0500CDBF66 /* View.m */; };
/* End PBXBuildFile section */

/* Begin PBXFileReference section */
		BEAEDEED1523EA6100CDBF66 /* March29.app */ = {isa = PBXFileReference; explicitFileType = wrapper.application; includeInIndex = 0; path = March29.app; sourceTree = BUILT_PRODUCTS_DIR; };
		BEAEDEF11523EA6100CDBF66 /* UIKit.framework */ = {isa = PBXFileReference; lastKnownFileType = wrapper.framework; name = UIKit.framework; path = System/Library/Frameworks/UIKit.framework; sourceTree = SDKROOT; };
		BEAEDEF31523EA6100CDBF66 /* Foundation.framework */ = {isa = PBXFileReference; lastKnownFileType = wrapper.framework; name = Foundation.framework; path = System/Library/Frameworks/Foundation.framework; sourceTree = SDKROOT; };
		BEAEDEF51523EA6100CDBF66 /* CoreGraphics.framework */ = {isa = PBXFileReference; lastKnownFileType = wrapper.framework; name = CoreGraphics.framework; path = System/Library/Frameworks/CoreGraphics.framework; sourceTree = SDKROOT; };
		BEAEDEF91523EA6100CDBF66 /* March29-Info.plist */ = {isa = PBXFileReference; lastKnownFileType = text.plist.xml; path = "March29-Info.plist"; sourceTree = "<group>"; };
		BEAEDEFB1523EA6100CDBF66 /* en */ = {isa = PBXFileReference; lastKnownFileType = text.plist.strings; name = en; path = en.lproj/InfoPlist.strings; sourceTree = "<group>"; };
		BEAEDEFD1523EA6100CDBF66 /* main.m */ = {isa = PBXFileReference; lastKnownFileType = sourcecode.c.objc; path = main.m; sourceTree = "<group>"; };
		BEAEDEFF1523EA6100CDBF66 /* March29-Prefix.pch */ = {isa = PBXFileReference; lastKnownFileType = sourcecode.c.h; path = "March29-Prefix.pch"; sourceTree = "<group>"; };
		BEAEDF001523EA6100CDBF66 /* March29AppDelegate.h */ = {isa = PBXFileReference; lastKnownFileType = sourcecode.c.h; path = March29AppDelegate.h; sourceTree = "<group>"; };
		BEAEDF011523EA6100CDBF66 /* March29AppDelegate.m */ = {isa = PBXFileReference; lastKnownFileType = sourcecode.c.objc; path = March29AppDelegate.m; sourceTree = "<group>"; };
		BEAEDF081523EB0500CDBF66 /* View.h */ = {isa = PBXFileReference; fileEncoding = 4; lastKnownFileType = sourcecode.c.h; path = View.h; sourceTree = "<group>"; };
		BEAEDF091523EB0500CDBF66 /* View.m */ = {isa = PBXFileReference; fileEncoding = 4; lastKnownFileType = sourcecode.c.objc; path = View.m; sourceTree = "<group>"; };
/* End PBXFileReference section */

/* Begin PBXFrameworksBuildPhase section */
		BEAEDEEA1523EA6100CDBF66 /* Frameworks */ = {
			isa = PBXFrameworksBuildPhase;
			buildActionMask = 2147483647;
			files = (
				BEAEDEF21523EA6100CDBF66 /* UIKit.framework in Frameworks */,
				BEAEDEF41523EA6100CDBF66 /* Foundation.framework in Frameworks */,
				BEAEDEF61523EA6100CDBF66 /* CoreGraphics.framework in Frameworks */,
			);
			runOnlyForDeploymentPostprocessing = 0;
		};
/* End PBXFrameworksBuildPhase section */

/* Begin PBXGroup section */
		BEAEDEE21523EA6000CDBF66 = {
			isa = PBXGroup;
			children = (
				BEAEDEF71523EA6100CDBF66 /* March29 */,
				BEAEDEF01523EA6100CDBF66 /* Frameworks */,
				BEAEDEEE1523EA6100CDBF66 /* Products */,
			);
			sourceTree = "<group>";
		};
		BEAEDEEE1523EA6100CDBF66 /* Products */ = {
			isa = PBXGroup;
			children = (
				BEAEDEED1523EA6100CDBF66 /* March29.app */,
			);
			name = Products;
			sourceTree = "<group>";
		};
		BEAEDEF01523EA6100CDBF66 /* Frameworks */ = {
			isa = PBXGroup;
			children = (
				BEAEDEF11523EA6100CDBF66 /* UIKit.framework */,
				BEAEDEF31523EA6100CDBF66 /* Foundation.framework */,
				BEAEDEF51523EA6100CDBF66 /* CoreGraphics.framework */,
			);
			name = Frameworks;
			sourceTree = "<group>";
		};
		BEAEDEF71523EA6100CDBF66 /* March29 */ = {
			isa = PBXGroup;
			children = (
				BEAEDF001523EA6100CDBF66 /* March29AppDelegate.h */,
				BEAEDF011523EA6100CDBF66 /* March29AppDelegate.m */,
				BEAEDF081523EB0500CDBF66 /* View.h */,
				BEAEDF091523EB0500CDBF66 /* View.m */,
				BEAEDEF81523EA6100CDBF66 /* Supporting Files */,
			);
			path = March29;
			sourceTree = "<group>";
		};
		BEAEDEF81523EA6100CDBF66 /* Supporting Files */ = {
			isa = PBXGroup;
			children = (
				BEAEDEF91523EA6100CDBF66 /* March29-Info.plist */,
				BEAEDEFA1523EA6100CDBF66 /* InfoPlist.strings */,
				BEAEDEFD1523EA6100CDBF66 /* main.m */,
				BEAEDEFF1523EA6100CDBF66 /* March29-Prefix.pch */,
			);
			name = "Supporting Files";
			sourceTree = "<group>";
		};
/* End PBXGroup section */

/* Begin PBXNativeTarget section */
		BEAEDEEC1523EA6100CDBF66 /* March29 */ = {
			isa = PBXNativeTarget;
			buildConfigurationList = BEAEDF051523EA6100CDBF66 /* Build configuration list for PBXNativeTarget "March29" */;
			buildPhases = (
				BEAEDEE91523EA6100CDBF66 /* Sources */,
				BEAEDEEA1523EA6100CDBF66 /* Frameworks */,
				BEAEDEEB1523EA6100CDBF66 /* Resources */,
			);
			buildRules = (
			);
			dependencies = (
			);
			name = March29;
			productName = March29;
			productReference = BEAEDEED1523EA6100CDBF66 /* March29.app */;
			productType = "com.apple.product-type.application";
		};
/* End PBXNativeTarget section */

/* Begin PBXProject section */
		BEAEDEE41523EA6000CDBF66 /* Project object */ = {
			isa = PBXProject;
			attributes = {
				CLASSPREFIX = March29;
				LastUpgradeCheck = 0430;
			};
			buildConfigurationList = BEAEDEE71523EA6100CDBF66 /* Build configuration list for PBXProject "March29" */;
			compatibilityVersion = "Xcode 3.2";
			developmentRegion = English;
			hasScannedForEncodings = 0;
			knownRegions = (
				en,
			);
			mainGroup = BEAEDEE21523EA6000CDBF66;
			productRefGroup = BEAEDEEE1523EA6100CDBF66 /* Products */;
			projectDirPath = "";
			projectRoot = "";
			targets = (
				BEAEDEEC1523EA6100CDBF66 /* March29 */,
			);
		};
/* End PBXProject section */

/* Begin PBXResourcesBuildPhase section */
		BEAEDEEB1523EA6100CDBF66 /* Resources */ = {
			isa = PBXResourcesBuildPhase;
			buildActionMask = 2147483647;
			files = (
				BEAEDEFC1523EA6100CDBF66 /* InfoPlist.strings in Resources */,
			);
			runOnlyForDeploymentPostprocessing = 0;
		};
/* End PBXResourcesBuildPhase section */

/* Begin PBXSourcesBuildPhase section */
		BEAEDEE91523EA6100CDBF66 /* Sources */ = {
			isa = PBXSourcesBuildPhase;
			buildActionMask = 2147483647;
			files = (
				BEAEDEFE1523EA6100CDBF66 /* main.m in Sources */,
				BEAEDF021523EA6100CDBF66 /* March29AppDelegate.m in Sources */,
				BEAEDF0A1523EB0500CDBF66 /* View.m in Sources */,
			);
			runOnlyForDeploymentPostprocessing = 0;
		};
/* End PBXSourcesBuildPhase section */

/* Begin PBXVariantGroup section */
		BEAEDEFA1523EA6100CDBF66 /* InfoPlist.strings */ = {
			isa = PBXVariantGroup;
			children = (
				BEAEDEFB1523EA6100CDBF66 /* en */,
			);
			name = InfoPlist.strings;
			sourceTree = "<group>";
		};
/* End PBXVariantGroup section */

/* Begin XCBuildConfiguration section */
		BEAEDF031523EA6100CDBF66 /* Debug */ = {
			isa = XCBuildConfiguration;
			buildSettings = {
				ALWAYS_SEARCH_USER_PATHS = NO;
				ARCHS = "$(ARCHS_STANDARD_32_BIT)";
				CLANG_ENABLE_OBJC_ARC = YES;
				"CODE_SIGN_IDENTITY[sdk=iphoneos*]" = "iPhone Developer";
				COPY_PHASE_STRIP = NO;
				GCC_C_LANGUAGE_STANDARD = gnu99;
				GCC_DYNAMIC_NO_PIC = NO;
				GCC_OPTIMIZATION_LEVEL = 0;
				GCC_PREPROCESSOR_DEFINITIONS = (
					"DEBUG=1",
					"$(inherited)",
				);
				GCC_SYMBOLS_PRIVATE_EXTERN = NO;
				GCC_VERSION = com.apple.compilers.llvm.clang.1_0;
				GCC_WARN_ABOUT_RETURN_TYPE = YES;
				GCC_WARN_UNINITIALIZED_AUTOS = YES;
				GCC_WARN_UNUSED_VARIABLE = YES;
				IPHONEOS_DEPLOYMENT_TARGET = 5.1;
				SDKROOT = iphoneos;
			};
			name = Debug;
		};
		BEAEDF041523EA6100CDBF66 /* Release */ = {
			isa = XCBuildConfiguration;
			buildSettings = {
				ALWAYS_SEARCH_USER_PATHS = NO;
				ARCHS = "$(ARCHS_STANDARD_32_BIT)";
				CLANG_ENABLE_OBJC_ARC = YES;
				"CODE_SIGN_IDENTITY[sdk=iphoneos*]" = "iPhone Developer";
				COPY_PHASE_STRIP = YES;
				GCC_C_LANGUAGE_STANDARD = gnu99;
				GCC_VERSION = com.apple.compilers.llvm.clang.1_0;
				GCC_WARN_ABOUT_RETURN_TYPE = YES;
				GCC_WARN_UNINITIALIZED_AUTOS = YES;
				GCC_WARN_UNUSED_VARIABLE = YES;
				IPHONEOS_DEPLOYMENT_TARGET = 5.1;
				OTHER_CFLAGS = "-DNS_BLOCK_ASSERTIONS=1";
				SDKROOT = iphoneos;
				VALIDATE_PRODUCT = YES;
			};
			name = Release;
		};
		BEAEDF061523EA6100CDBF66 /* Debug */ = {
			isa = XCBuildConfiguration;
			buildSettings = {
				GCC_PRECOMPILE_PREFIX_HEADER = YES;
				GCC_PREFIX_HEADER = "March29/March29-Prefix.pch";
				INFOPLIST_FILE = "March29/March29-Info.plist";
				PRODUCT_NAME = "$(TARGET_NAME)";
				WRAPPER_EXTENSION = app;
			};
			name = Debug;
		};
		BEAEDF071523EA6100CDBF66 /* Release */ = {
			isa = XCBuildConfiguration;
			buildSettings = {
				GCC_PRECOMPILE_PREFIX_HEADER = YES;
				GCC_PREFIX_HEADER = "March29/March29-Prefix.pch";
				INFOPLIST_FILE = "March29/March29-Info.plist";
				PRODUCT_NAME = "$(TARGET_NAME)";
				WRAPPER_EXTENSION = app;
			};
			name = Release;
		};
/* End XCBuildConfiguration section */

/* Begin XCConfigurationList section */
		BEAEDEE71523EA6100CDBF66 /* Build configuration list for PBXProject "March29" */ = {
			isa = XCConfigurationList;
			buildConfigurations = (
				BEAEDF031523EA6100CDBF66 /* Debug */,
				BEAEDF041523EA6100CDBF66 /* Release */,
			);
			defaultConfigurationIsVisible = 0;
			defaultConfigurationName = Release;
		};
		BEAEDF051523EA6100CDBF66 /* Build configuration list for PBXNativeTarget "March29" */ = {
			isa = XCConfigurationList;
			buildConfigurations = (
				BEAEDF061523EA6100CDBF66 /* Debug */,
				BEAEDF071523EA6100CDBF66 /* Release */,
			);
			defaultConfigurationIsVisible = 0;
		};
/* End XCConfigurationList section */
	};
	rootObject = BEAEDEE41523EA6000CDBF66 /* Project object */;
}
